
Microsoft Visual Studio Solution File, Format Version 12.00
# Visual Studio Version 17
VisualStudioVersion = 17.1.32210.238
MinimumVisualStudioVersion = 10.0.40219.1
Project("{FAE04EC0-301F-11D3-BF4B-00C04F79EFBC}") = "MC_Project", "MC_Project\MC_Project.csproj", "{560E3000-573E-4849-9445-16CA3C6D4625}"
EndProject
Global
	GlobalSection(SolutionConfigurationPlatforms) = preSolution
		Debug|Any CPU = Debug|Any CPU
		Release|Any CPU = Release|Any CPU
	EndGlobalSection
	GlobalSection(ProjectConfigurationPlatforms) = postSolution
		{560E3000-573E-4849-9445-16CA3C6D4625}.Debug|Any CPU.ActiveCfg = Debug|Any CPU
		{560E3000-573E-4849-9445-16CA3C6D4625}.Debug|Any CPU.Build.0 = Debug|Any CPU
		{560E3000-573E-4849-9445-16CA3C6D4625}.Release|Any CPU.ActiveCfg = Release|Any CPU
		{560E3000-573E-4849-9445-16CA3C6D4625}.Release|Any CPU.Build.0 = Release|Any CPU
	EndGlobalSection
	GlobalSection(SolutionProperties) = preSolution
		HideSolutionNode = FALSE
	EndGlobalSection
	GlobalSection(ExtensibilityGlobals) = postSolution
		SolutionGuid = {65C7A4E7-F690-4BC7-B32B-B00437DF326C}
	EndGlobalSection
EndGlobal
